
Microsoft Visual Studio Solution File, Format Version 12.00
# Visual Studio 2013
VisualStudioVersion = 12.0.30501.0
MinimumVisualStudioVersion = 10.0.40219.1
Project("{FAE04EC0-301F-11D3-BF4B-00C04F79EFBC}") = "ModelerenMenerenAssessment", "ModelerenMenerenAssessment\ModelerenMenerenAssessment.csproj", "{7DEC98BF-0968-4CB6-B5F2-07D9066095F0}"
EndProject
Project("{F088123C-0E9E-452A-89E6-6BA2F21D5CAC}") = "GoudkoortsModel", "GoudkoortsModel\GoudkoortsModel.modelproj", "{04ACC39C-F9A3-4767-B8B5-6B588B60EE53}"
EndProject
Project("{FAE04EC0-301F-11D3-BF4B-00C04F79EFBC}") = "GoudkoortsModelLib", "GoudkoortsModelLib\GoudkoortsModelLib.csproj", "{FA0B05BF-7E66-43C3-A0AB-43A0DA3A66FA}"
EndProject
Global
	GlobalSection(SolutionConfigurationPlatforms) = preSolution
		Debug|Any CPU = Debug|Any CPU
		Release|Any CPU = Release|Any CPU
	EndGlobalSection
	GlobalSection(ProjectConfigurationPlatforms) = postSolution
		{7DEC98BF-0968-4CB6-B5F2-07D9066095F0}.Debug|Any CPU.ActiveCfg = Debug|Any CPU
		{7DEC98BF-0968-4CB6-B5F2-07D9066095F0}.Debug|Any CPU.Build.0 = Debug|Any CPU
		{7DEC98BF-0968-4CB6-B5F2-07D9066095F0}.Release|Any CPU.ActiveCfg = Release|Any CPU
		{7DEC98BF-0968-4CB6-B5F2-07D9066095F0}.Release|Any CPU.Build.0 = Release|Any CPU
		{04ACC39C-F9A3-4767-B8B5-6B588B60EE53}.Debug|Any CPU.ActiveCfg = Debug|Any CPU
		{04ACC39C-F9A3-4767-B8B5-6B588B60EE53}.Debug|Any CPU.Build.0 = Debug|Any CPU
		{04ACC39C-F9A3-4767-B8B5-6B588B60EE53}.Release|Any CPU.ActiveCfg = Release|Any CPU
		{04ACC39C-F9A3-4767-B8B5-6B588B60EE53}.Release|Any CPU.Build.0 = Release|Any CPU
		{FA0B05BF-7E66-43C3-A0AB-43A0DA3A66FA}.Debug|Any CPU.ActiveCfg = Debug|Any CPU
		{FA0B05BF-7E66-43C3-A0AB-43A0DA3A66FA}.Debug|Any CPU.Build.0 = Debug|Any CPU
		{FA0B05BF-7E66-43C3-A0AB-43A0DA3A66FA}.Release|Any CPU.ActiveCfg = Release|Any CPU
		{FA0B05BF-7E66-43C3-A0AB-43A0DA3A66FA}.Release|Any CPU.Build.0 = Release|Any CPU
	EndGlobalSection
	GlobalSection(SolutionProperties) = preSolution
		HideSolutionNode = FALSE
	EndGlobalSection
EndGlobal
